
Microsoft Visual Studio Solution File, Format Version 12.00
# Visual Studio Version 17
VisualStudioVersion = 17.3.32901.215
MinimumVisualStudioVersion = 10.0.40219.1
Project("{FAE04EC0-301F-11D3-BF4B-00C04F79EFBC}") = "WebSach", "WebSach\WebSach.csproj", "{CF8CB2DD-8484-40EB-B566-982B1840B6CB}"
EndProject
Global
	GlobalSection(SolutionConfigurationPlatforms) = preSolution
		Debug|Any CPU = Debug|Any CPU
		Release|Any CPU = Release|Any CPU
	EndGlobalSection
	GlobalSection(ProjectConfigurationPlatforms) = postSolution
		{CF8CB2DD-8484-40EB-B566-982B1840B6CB}.Debug|Any CPU.ActiveCfg = Debug|Any CPU
		{CF8CB2DD-8484-40EB-B566-982B1840B6CB}.Debug|Any CPU.Build.0 = Debug|Any CPU
		{CF8CB2DD-8484-40EB-B566-982B1840B6CB}.Release|Any CPU.ActiveCfg = Release|Any CPU
		{CF8CB2DD-8484-40EB-B566-982B1840B6CB}.Release|Any CPU.Build.0 = Release|Any CPU
	EndGlobalSection
	GlobalSection(SolutionProperties) = preSolution
		HideSolutionNode = FALSE
	EndGlobalSection
	GlobalSection(ExtensibilityGlobals) = postSolution
		SolutionGuid = {78337481-8DF8-4A1F-AC76-91C7D4C0B6CB}
	EndGlobalSection
EndGlobal
